{
  "requires": true,
  "lockfileVersion": 1,
  "dependencies": {
    "bootstrap-icons": {
      "version": "1.4.1",
      "resolved": "https://registry.npmjs.org/bootstrap-icons/-/bootstrap-icons-1.4.1.tgz",
      "integrity": "sha512-EcATaAGsRgyy4NtnwXlNzkgWttpb6PqcXCoLtZZKdZtAYJU/WYqoQFxuGFKAppOlf7NmKpvGtSsC/921H7LIjg=="
    },
    "g": {
      "version": "2.0.1",
      "resolved": "https://registry.npmjs.org/g/-/g-2.0.1.tgz",
      "integrity": "sha1-C1lj69DKcOO8jGdmk0oCGCHIuFc="
    }
  }
}
